
Microsoft Visual Studio Solution File, Format Version 12.00
# Visual Studio Version 17
VisualStudioVersion = 17.3.32901.215
MinimumVisualStudioVersion = 10.0.40219.1
Project("{FAE04EC0-301F-11D3-BF4B-00C04F79EFBC}") = "Converter", "Converter\Converter.csproj", "{225F4242-264E-452F-9A5A-AD4646774C14}"
EndProject
Global
	GlobalSection(SolutionConfigurationPlatforms) = preSolution
		Debug|Any CPU = Debug|Any CPU
		Release|Any CPU = Release|Any CPU
	EndGlobalSection
	GlobalSection(ProjectConfigurationPlatforms) = postSolution
		{225F4242-264E-452F-9A5A-AD4646774C14}.Debug|Any CPU.ActiveCfg = Debug|Any CPU
		{225F4242-264E-452F-9A5A-AD4646774C14}.Debug|Any CPU.Build.0 = Debug|Any CPU
		{225F4242-264E-452F-9A5A-AD4646774C14}.Release|Any CPU.ActiveCfg = Release|Any CPU
		{225F4242-264E-452F-9A5A-AD4646774C14}.Release|Any CPU.Build.0 = Release|Any CPU
	EndGlobalSection
	GlobalSection(SolutionProperties) = preSolution
		HideSolutionNode = FALSE
	EndGlobalSection
	GlobalSection(ExtensibilityGlobals) = postSolution
		SolutionGuid = {7BA9F7FD-4EDB-49CA-8A48-8C0D617392D8}
	EndGlobalSection
EndGlobal
